
Microsoft Visual Studio Solution File, Format Version 12.00
# Visual Studio Version 17
VisualStudioVersion = 17.3.32929.385
MinimumVisualStudioVersion = 10.0.40219.1
Project("{2150E333-8FDC-42A3-9474-1A3956D46DE8}") = "src", "src", "{2EE5012A-811E-432F-9B46-5114EEFF71FD}"
EndProject
Project("{2150E333-8FDC-42A3-9474-1A3956D46DE8}") = "Infraestructura", "Infraestructura", "{6AADDF76-7B36-4FD8-B382-139ABED21EEA}"
EndProject
Project("{2150E333-8FDC-42A3-9474-1A3956D46DE8}") = "Servicios", "Servicios", "{26131EDF-6412-409A-A7B4-0B0C31F75CDA}"
EndProject
Project("{2150E333-8FDC-42A3-9474-1A3956D46DE8}") = "Dominio", "Dominio", "{103211A2-74C1-430B-9DB2-683A60732865}"
EndProject
Project("{9A19103F-16F7-4668-BE54-9A1E7A4F7556}") = "Dominio", "src\Dominio\Dominio.csproj", "{1194A7AB-9AE0-445C-99EF-B407FC787A0B}"
EndProject
Project("{9A19103F-16F7-4668-BE54-9A1E7A4F7556}") = "IServicios", "src\IServicios\IServicios.csproj", "{09A69509-CEBE-41F4-AF46-952CD726E643}"
EndProject
Project("{9A19103F-16F7-4668-BE54-9A1E7A4F7556}") = "Servicios", "src\Servicios\Servicios.csproj", "{A388D2FC-97AB-4BFB-B111-EE1B27AC0B7B}"
EndProject
Project("{9A19103F-16F7-4668-BE54-9A1E7A4F7556}") = "Infraestructura", "src\Infraestructura\Infraestructura.csproj", "{C963E55A-2851-4006-B3A8-F55D84331F31}"
EndProject
Project("{2150E333-8FDC-42A3-9474-1A3956D46DE8}") = "Aplicacion", "Aplicacion", "{A1AB4500-E67D-422A-A0A5-B1E079FBD207}"
EndProject
Project("{9A19103F-16F7-4668-BE54-9A1E7A4F7556}") = "Aplicacion", "src\Aplicacion\Aplicacion.csproj", "{A634883D-1B8B-4DE9-85FD-0819A8032CCA}"
EndProject
Project("{9A19103F-16F7-4668-BE54-9A1E7A4F7556}") = "Api", "src\Api\Api.csproj", "{6273D55F-6E0E-41A2-940A-C71BC55D69BD}"
EndProject
Global
	GlobalSection(SolutionConfigurationPlatforms) = preSolution
		Debug|Any CPU = Debug|Any CPU
		Release|Any CPU = Release|Any CPU
	EndGlobalSection
	GlobalSection(ProjectConfigurationPlatforms) = postSolution
		{1194A7AB-9AE0-445C-99EF-B407FC787A0B}.Debug|Any CPU.ActiveCfg = Debug|Any CPU
		{1194A7AB-9AE0-445C-99EF-B407FC787A0B}.Debug|Any CPU.Build.0 = Debug|Any CPU
		{1194A7AB-9AE0-445C-99EF-B407FC787A0B}.Release|Any CPU.ActiveCfg = Release|Any CPU
		{1194A7AB-9AE0-445C-99EF-B407FC787A0B}.Release|Any CPU.Build.0 = Release|Any CPU
		{09A69509-CEBE-41F4-AF46-952CD726E643}.Debug|Any CPU.ActiveCfg = Debug|Any CPU
		{09A69509-CEBE-41F4-AF46-952CD726E643}.Debug|Any CPU.Build.0 = Debug|Any CPU
		{09A69509-CEBE-41F4-AF46-952CD726E643}.Release|Any CPU.ActiveCfg = Release|Any CPU
		{09A69509-CEBE-41F4-AF46-952CD726E643}.Release|Any CPU.Build.0 = Release|Any CPU
		{A388D2FC-97AB-4BFB-B111-EE1B27AC0B7B}.Debug|Any CPU.ActiveCfg = Debug|Any CPU
		{A388D2FC-97AB-4BFB-B111-EE1B27AC0B7B}.Debug|Any CPU.Build.0 = Debug|Any CPU
		{A388D2FC-97AB-4BFB-B111-EE1B27AC0B7B}.Release|Any CPU.ActiveCfg = Release|Any CPU
		{A388D2FC-97AB-4BFB-B111-EE1B27AC0B7B}.Release|Any CPU.Build.0 = Release|Any CPU
		{C963E55A-2851-4006-B3A8-F55D84331F31}.Debug|Any CPU.ActiveCfg = Debug|Any CPU
		{C963E55A-2851-4006-B3A8-F55D84331F31}.Debug|Any CPU.Build.0 = Debug|Any CPU
		{C963E55A-2851-4006-B3A8-F55D84331F31}.Release|Any CPU.ActiveCfg = Release|Any CPU
		{C963E55A-2851-4006-B3A8-F55D84331F31}.Release|Any CPU.Build.0 = Release|Any CPU
		{A634883D-1B8B-4DE9-85FD-0819A8032CCA}.Debug|Any CPU.ActiveCfg = Debug|Any CPU
		{A634883D-1B8B-4DE9-85FD-0819A8032CCA}.Debug|Any CPU.Build.0 = Debug|Any CPU
		{A634883D-1B8B-4DE9-85FD-0819A8032CCA}.Release|Any CPU.ActiveCfg = Release|Any CPU
		{A634883D-1B8B-4DE9-85FD-0819A8032CCA}.Release|Any CPU.Build.0 = Release|Any CPU
		{6273D55F-6E0E-41A2-940A-C71BC55D69BD}.Debug|Any CPU.ActiveCfg = Debug|Any CPU
		{6273D55F-6E0E-41A2-940A-C71BC55D69BD}.Debug|Any CPU.Build.0 = Debug|Any CPU
		{6273D55F-6E0E-41A2-940A-C71BC55D69BD}.Release|Any CPU.ActiveCfg = Release|Any CPU
		{6273D55F-6E0E-41A2-940A-C71BC55D69BD}.Release|Any CPU.Build.0 = Release|Any CPU
	EndGlobalSection
	GlobalSection(SolutionProperties) = preSolution
		HideSolutionNode = FALSE
	EndGlobalSection
	GlobalSection(NestedProjects) = preSolution
		{6AADDF76-7B36-4FD8-B382-139ABED21EEA} = {2EE5012A-811E-432F-9B46-5114EEFF71FD}
		{26131EDF-6412-409A-A7B4-0B0C31F75CDA} = {2EE5012A-811E-432F-9B46-5114EEFF71FD}
		{103211A2-74C1-430B-9DB2-683A60732865} = {2EE5012A-811E-432F-9B46-5114EEFF71FD}
		{1194A7AB-9AE0-445C-99EF-B407FC787A0B} = {103211A2-74C1-430B-9DB2-683A60732865}
		{09A69509-CEBE-41F4-AF46-952CD726E643} = {26131EDF-6412-409A-A7B4-0B0C31F75CDA}
		{A388D2FC-97AB-4BFB-B111-EE1B27AC0B7B} = {26131EDF-6412-409A-A7B4-0B0C31F75CDA}
		{C963E55A-2851-4006-B3A8-F55D84331F31} = {6AADDF76-7B36-4FD8-B382-139ABED21EEA}
		{A1AB4500-E67D-422A-A0A5-B1E079FBD207} = {2EE5012A-811E-432F-9B46-5114EEFF71FD}
		{A634883D-1B8B-4DE9-85FD-0819A8032CCA} = {A1AB4500-E67D-422A-A0A5-B1E079FBD207}
		{6273D55F-6E0E-41A2-940A-C71BC55D69BD} = {2EE5012A-811E-432F-9B46-5114EEFF71FD}
	EndGlobalSection
	GlobalSection(ExtensibilityGlobals) = postSolution
		SolutionGuid = {13F79824-7768-451A-83BC-FB5D06F734BE}
	EndGlobalSection
EndGlobal
